
Microsoft Visual Studio Solution File, Format Version 12.00
# Visual Studio Version 17
VisualStudioVersion = 17.4.33213.308
MinimumVisualStudioVersion = 10.0.40219.1
Project("{9A19103F-16F7-4668-BE54-9A1E7A4F7556}") = "GetJustMyFiles", "GetJustMyFiles\GetJustMyFiles.csproj", "{AAB45286-C0D8-4055-A4CD-DAA7A34B7043}"
EndProject
Global
	GlobalSection(SolutionConfigurationPlatforms) = preSolution
		Debug|Any CPU = Debug|Any CPU
		Release|Any CPU = Release|Any CPU
	EndGlobalSection
	GlobalSection(ProjectConfigurationPlatforms) = postSolution
		{AAB45286-C0D8-4055-A4CD-DAA7A34B7043}.Debug|Any CPU.ActiveCfg = Debug|Any CPU
		{AAB45286-C0D8-4055-A4CD-DAA7A34B7043}.Debug|Any CPU.Build.0 = Debug|Any CPU
		{AAB45286-C0D8-4055-A4CD-DAA7A34B7043}.Release|Any CPU.ActiveCfg = Release|Any CPU
		{AAB45286-C0D8-4055-A4CD-DAA7A34B7043}.Release|Any CPU.Build.0 = Release|Any CPU
	EndGlobalSection
	GlobalSection(SolutionProperties) = preSolution
		HideSolutionNode = FALSE
	EndGlobalSection
	GlobalSection(ExtensibilityGlobals) = postSolution
		SolutionGuid = {47306BB7-44F5-4B00-8E02-A0B1B0A6F3B5}
	EndGlobalSection
EndGlobal
